
Microsoft Visual Studio Solution File, Format Version 11.00
# Visual Studio 2010
Project("{FAE04EC0-301F-11D3-BF4B-00C04F79EFBC}") = "WebApplication2", "WebApplication2\WebApplication2.csproj", "{1837FF95-C855-43AE-8E7A-847AFEA5373D}"
EndProject
Global
	GlobalSection(SolutionConfigurationPlatforms) = preSolution
		Debug|Any CPU = Debug|Any CPU
		Release|Any CPU = Release|Any CPU
	EndGlobalSection
	GlobalSection(ProjectConfigurationPlatforms) = postSolution
		{1837FF95-C855-43AE-8E7A-847AFEA5373D}.Debug|Any CPU.ActiveCfg = Debug|Any CPU
		{1837FF95-C855-43AE-8E7A-847AFEA5373D}.Debug|Any CPU.Build.0 = Debug|Any CPU
		{1837FF95-C855-43AE-8E7A-847AFEA5373D}.Release|Any CPU.ActiveCfg = Release|Any CPU
		{1837FF95-C855-43AE-8E7A-847AFEA5373D}.Release|Any CPU.Build.0 = Release|Any CPU
	EndGlobalSection
	GlobalSection(SolutionProperties) = preSolution
		HideSolutionNode = FALSE
	EndGlobalSection
EndGlobal
